{
  "name": "beautify-chinese-study",
  "version": "0.0.1",
  "lockfileVersion": 1,
  "requires": true,
  "dependencies": {
    "@stencil/core": {
      "version": "2.1.0",
      "resolved": "https://registry.npmjs.org/@stencil/core/-/core-2.1.0.tgz",
      "integrity": "sha512-fvDBIddSx/oU4kQvHPqjw4WG3s7uBvmlhez69oEc7Z04yhWqZivyLYdQ0XWN/MS/KgKv6JTcWmMrGH+4IzItWQ=="
    },
    "hanzi-writer": {
      "version": "2.3.0",
      "resolved": "https://registry.npmjs.org/hanzi-writer/-/hanzi-writer-2.3.0.tgz",
      "integrity": "sha512-2tKjsUrTW1lBxwpSVhGZ+lTlAycZPeJuov0og9Qbw0ETAS6y7+KxxjHhAtPDNAuLKS3FJeh80s9jxLA/e8jF0w=="
    }
  }
}
